
Microsoft Visual Studio Solution File, Format Version 12.00
# Visual Studio Version 17
VisualStudioVersion = 17.6.33829.357
MinimumVisualStudioVersion = 10.0.40219.1
Project("{FAE04EC0-301F-11D3-BF4B-00C04F79EFBC}") = "AdminWeb", "AdminWeb\AdminWeb.csproj", "{395D642C-686E-4393-B77A-0EC7BA62964B}"
EndProject
Global
	GlobalSection(SolutionConfigurationPlatforms) = preSolution
		Debug|Any CPU = Debug|Any CPU
		Release|Any CPU = Release|Any CPU
	EndGlobalSection
	GlobalSection(ProjectConfigurationPlatforms) = postSolution
		{395D642C-686E-4393-B77A-0EC7BA62964B}.Debug|Any CPU.ActiveCfg = Debug|Any CPU
		{395D642C-686E-4393-B77A-0EC7BA62964B}.Debug|Any CPU.Build.0 = Debug|Any CPU
		{395D642C-686E-4393-B77A-0EC7BA62964B}.Release|Any CPU.ActiveCfg = Release|Any CPU
		{395D642C-686E-4393-B77A-0EC7BA62964B}.Release|Any CPU.Build.0 = Release|Any CPU
	EndGlobalSection
	GlobalSection(SolutionProperties) = preSolution
		HideSolutionNode = FALSE
	EndGlobalSection
	GlobalSection(ExtensibilityGlobals) = postSolution
		SolutionGuid = {EA2563FC-8773-4469-B17C-2435FEF2D2C3}
	EndGlobalSection
EndGlobal
